
Microsoft Visual Studio Solution File, Format Version 12.00
# Visual Studio Version 16
VisualStudioVersion = 16.0.30114.105
MinimumVisualStudioVersion = 10.0.40219.1
Project("{FAE04EC0-301F-11D3-BF4B-00C04F79EFBC}") = "Solutions", "Solutions\Solutions.csproj", "{A21EB239-BDE5-4A71-99C8-B96DC4E14560}"
EndProject
Project("{FAE04EC0-301F-11D3-BF4B-00C04F79EFBC}") = "Tests", "Tests\Tests.csproj", "{4D114ECE-51C4-4166-9054-509099480454}"
EndProject
Global
	GlobalSection(SolutionConfigurationPlatforms) = preSolution
		Debug|Any CPU = Debug|Any CPU
		Release|Any CPU = Release|Any CPU
	EndGlobalSection
	GlobalSection(SolutionProperties) = preSolution
		HideSolutionNode = FALSE
	EndGlobalSection
	GlobalSection(ProjectConfigurationPlatforms) = postSolution
		{A21EB239-BDE5-4A71-99C8-B96DC4E14560}.Debug|Any CPU.ActiveCfg = Debug|Any CPU
		{A21EB239-BDE5-4A71-99C8-B96DC4E14560}.Debug|Any CPU.Build.0 = Debug|Any CPU
		{A21EB239-BDE5-4A71-99C8-B96DC4E14560}.Release|Any CPU.ActiveCfg = Release|Any CPU
		{A21EB239-BDE5-4A71-99C8-B96DC4E14560}.Release|Any CPU.Build.0 = Release|Any CPU
		{4D114ECE-51C4-4166-9054-509099480454}.Debug|Any CPU.ActiveCfg = Debug|Any CPU
		{4D114ECE-51C4-4166-9054-509099480454}.Debug|Any CPU.Build.0 = Debug|Any CPU
		{4D114ECE-51C4-4166-9054-509099480454}.Release|Any CPU.ActiveCfg = Release|Any CPU
		{4D114ECE-51C4-4166-9054-509099480454}.Release|Any CPU.Build.0 = Release|Any CPU
	EndGlobalSection
EndGlobal
